
Microsoft Visual Studio Solution File, Format Version 12.00
# Visual Studio Version 17
VisualStudioVersion = 17.11.35327.3
MinimumVisualStudioVersion = 10.0.40219.1
Project("{2150E333-8FDC-42A3-9474-1A3956D46DE8}") = "src", "src", "{F83B678B-473E-45F9-BD10-3867305765BA}"
EndProject
Project("{2150E333-8FDC-42A3-9474-1A3956D46DE8}") = "CoreContato", "CoreContato", "{FD35BFB2-24C4-4002-8762-468585172292}"
EndProject
Project("{2150E333-8FDC-42A3-9474-1A3956D46DE8}") = "Services", "Services", "{67DBB37F-0D7C-4FA9-AECB-63FFAAF6A9F6}"
EndProject
Project("{2150E333-8FDC-42A3-9474-1A3956D46DE8}") = "Tests", "Tests", "{6A106B37-3B52-46CB-BA69-7F80B59AD94F}"
EndProject
Project("{2150E333-8FDC-42A3-9474-1A3956D46DE8}") = "API", "API", "{E4443C92-C4F5-4FF6-94DD-166F0AB6DACF}"
EndProject
Project("{2150E333-8FDC-42A3-9474-1A3956D46DE8}") = "Consumers", "Consumers", "{B4AC3707-063E-44F8-B21D-84CE75E13EA0}"
EndProject
Project("{2150E333-8FDC-42A3-9474-1A3956D46DE8}") = "Producers", "Producers", "{545EA45E-8E61-476F-9609-20014667B636}"
EndProject
Project("{2150E333-8FDC-42A3-9474-1A3956D46DE8}") = ".github", ".github", "{B3138DCC-9E96-478E-A21B-B7C258182A21}"
EndProject
Project("{2150E333-8FDC-42A3-9474-1A3956D46DE8}") = "deployments", "deployments", "{DAE83784-52F2-4048-BA53-52DBF85889C2}"
EndProject
Project("{2150E333-8FDC-42A3-9474-1A3956D46DE8}") = "k8s", "k8s", "{241B2E71-E50B-4A1C-AE76-F0C870D939C3}"
EndProject
Project("{2150E333-8FDC-42A3-9474-1A3956D46DE8}") = "docker", "docker", "{177F251F-90DC-40D1-83DB-36DDA6B16477}"
EndProject
Project("{2150E333-8FDC-42A3-9474-1A3956D46DE8}") = "workflows", "workflows", "{77A1BE59-63A3-4B0E-9A8A-005D57F97C89}"
EndProject
Project("{9A19103F-16F7-4668-BE54-9A1E7A4F7556}") = "CoreContato", "src\CoreContato\CoreContato.csproj", "{95B9C676-9BAD-4AAD-A294-C6D6F3C07B93}"
EndProject
Project("{9A19103F-16F7-4668-BE54-9A1E7A4F7556}") = "DeleteContato", "src\Services\API\DeleteContato\DeleteContato.csproj", "{6D9BD31B-8D50-4479-AFA2-89AD32813254}"
EndProject
Project("{9A19103F-16F7-4668-BE54-9A1E7A4F7556}") = "GetContato", "src\Services\API\GetContato\GetContato.csproj", "{AB5AFADD-7B2B-49C9-9451-1EC4465AE03B}"
EndProject
Project("{9A19103F-16F7-4668-BE54-9A1E7A4F7556}") = "AddContatoConsumer", "src\Services\Consumers\AddContatoConsumer\AddContatoConsumer.csproj", "{5C18FDFD-D055-43F1-A406-7B2BAF0402BE}"
EndProject
Project("{9A19103F-16F7-4668-BE54-9A1E7A4F7556}") = "UpdateContatoConsumer", "src\Services\Consumers\UpdateContatoConsumer\UpdateContatoConsumer.csproj", "{A1255F2E-738A-4784-A0B9-D0645A28651C}"
EndProject
Project("{9A19103F-16F7-4668-BE54-9A1E7A4F7556}") = "AddContatoProducer", "src\Services\Producers\AddContatoProducer\AddContatoProducer.csproj", "{9B62BF87-303E-46D8-917A-2386B9BA1536}"
EndProject
Project("{9A19103F-16F7-4668-BE54-9A1E7A4F7556}") = "UpdateContatoProducer", "src\Services\Producers\UpdateContatoProducer\UpdateContatoProducer.csproj", "{0EE1A669-1082-4CE1-AA5F-4ACEC628BAA0}"
EndProject
Project("{9A19103F-16F7-4668-BE54-9A1E7A4F7556}") = "RegistroContatoTestes", "src\Tests\RegistroContatoTestes\RegistroContatoTestes.csproj", "{A5626E3F-3823-4B66-8246-2EDB83064359}"
EndProject
Global
	GlobalSection(SolutionConfigurationPlatforms) = preSolution
		Debug|Any CPU = Debug|Any CPU
		Release|Any CPU = Release|Any CPU
	EndGlobalSection
	GlobalSection(ProjectConfigurationPlatforms) = postSolution
		{95B9C676-9BAD-4AAD-A294-C6D6F3C07B93}.Debug|Any CPU.ActiveCfg = Debug|Any CPU
		{95B9C676-9BAD-4AAD-A294-C6D6F3C07B93}.Debug|Any CPU.Build.0 = Debug|Any CPU
		{95B9C676-9BAD-4AAD-A294-C6D6F3C07B93}.Release|Any CPU.ActiveCfg = Release|Any CPU
		{95B9C676-9BAD-4AAD-A294-C6D6F3C07B93}.Release|Any CPU.Build.0 = Release|Any CPU
		{6D9BD31B-8D50-4479-AFA2-89AD32813254}.Debug|Any CPU.ActiveCfg = Debug|Any CPU
		{6D9BD31B-8D50-4479-AFA2-89AD32813254}.Debug|Any CPU.Build.0 = Debug|Any CPU
		{6D9BD31B-8D50-4479-AFA2-89AD32813254}.Release|Any CPU.ActiveCfg = Release|Any CPU
		{6D9BD31B-8D50-4479-AFA2-89AD32813254}.Release|Any CPU.Build.0 = Release|Any CPU
		{AB5AFADD-7B2B-49C9-9451-1EC4465AE03B}.Debug|Any CPU.ActiveCfg = Debug|Any CPU
		{AB5AFADD-7B2B-49C9-9451-1EC4465AE03B}.Debug|Any CPU.Build.0 = Debug|Any CPU
		{AB5AFADD-7B2B-49C9-9451-1EC4465AE03B}.Release|Any CPU.ActiveCfg = Release|Any CPU
		{AB5AFADD-7B2B-49C9-9451-1EC4465AE03B}.Release|Any CPU.Build.0 = Release|Any CPU
		{5C18FDFD-D055-43F1-A406-7B2BAF0402BE}.Debug|Any CPU.ActiveCfg = Debug|Any CPU
		{5C18FDFD-D055-43F1-A406-7B2BAF0402BE}.Debug|Any CPU.Build.0 = Debug|Any CPU
		{5C18FDFD-D055-43F1-A406-7B2BAF0402BE}.Release|Any CPU.ActiveCfg = Release|Any CPU
		{5C18FDFD-D055-43F1-A406-7B2BAF0402BE}.Release|Any CPU.Build.0 = Release|Any CPU
		{A1255F2E-738A-4784-A0B9-D0645A28651C}.Debug|Any CPU.ActiveCfg = Debug|Any CPU
		{A1255F2E-738A-4784-A0B9-D0645A28651C}.Debug|Any CPU.Build.0 = Debug|Any CPU
		{A1255F2E-738A-4784-A0B9-D0645A28651C}.Release|Any CPU.ActiveCfg = Release|Any CPU
		{A1255F2E-738A-4784-A0B9-D0645A28651C}.Release|Any CPU.Build.0 = Release|Any CPU
		{9B62BF87-303E-46D8-917A-2386B9BA1536}.Debug|Any CPU.ActiveCfg = Debug|Any CPU
		{9B62BF87-303E-46D8-917A-2386B9BA1536}.Debug|Any CPU.Build.0 = Debug|Any CPU
		{9B62BF87-303E-46D8-917A-2386B9BA1536}.Release|Any CPU.ActiveCfg = Release|Any CPU
		{9B62BF87-303E-46D8-917A-2386B9BA1536}.Release|Any CPU.Build.0 = Release|Any CPU
		{0EE1A669-1082-4CE1-AA5F-4ACEC628BAA0}.Debug|Any CPU.ActiveCfg = Debug|Any CPU
		{0EE1A669-1082-4CE1-AA5F-4ACEC628BAA0}.Debug|Any CPU.Build.0 = Debug|Any CPU
		{0EE1A669-1082-4CE1-AA5F-4ACEC628BAA0}.Release|Any CPU.ActiveCfg = Release|Any CPU
		{0EE1A669-1082-4CE1-AA5F-4ACEC628BAA0}.Release|Any CPU.Build.0 = Release|Any CPU
		{A5626E3F-3823-4B66-8246-2EDB83064359}.Debug|Any CPU.ActiveCfg = Debug|Any CPU
		{A5626E3F-3823-4B66-8246-2EDB83064359}.Debug|Any CPU.Build.0 = Debug|Any CPU
		{A5626E3F-3823-4B66-8246-2EDB83064359}.Release|Any CPU.ActiveCfg = Release|Any CPU
		{A5626E3F-3823-4B66-8246-2EDB83064359}.Release|Any CPU.Build.0 = Release|Any CPU
	EndGlobalSection
	GlobalSection(SolutionProperties) = preSolution
		HideSolutionNode = FALSE
	EndGlobalSection
	GlobalSection(NestedProjects) = preSolution
		{FD35BFB2-24C4-4002-8762-468585172292} = {F83B678B-473E-45F9-BD10-3867305765BA}
		{67DBB37F-0D7C-4FA9-AECB-63FFAAF6A9F6} = {F83B678B-473E-45F9-BD10-3867305765BA}
		{6A106B37-3B52-46CB-BA69-7F80B59AD94F} = {F83B678B-473E-45F9-BD10-3867305765BA}
		{E4443C92-C4F5-4FF6-94DD-166F0AB6DACF} = {67DBB37F-0D7C-4FA9-AECB-63FFAAF6A9F6}
		{B4AC3707-063E-44F8-B21D-84CE75E13EA0} = {67DBB37F-0D7C-4FA9-AECB-63FFAAF6A9F6}
		{545EA45E-8E61-476F-9609-20014667B636} = {67DBB37F-0D7C-4FA9-AECB-63FFAAF6A9F6}
		{241B2E71-E50B-4A1C-AE76-F0C870D939C3} = {DAE83784-52F2-4048-BA53-52DBF85889C2}
		{177F251F-90DC-40D1-83DB-36DDA6B16477} = {DAE83784-52F2-4048-BA53-52DBF85889C2}
		{77A1BE59-63A3-4B0E-9A8A-005D57F97C89} = {B3138DCC-9E96-478E-A21B-B7C258182A21}
		{95B9C676-9BAD-4AAD-A294-C6D6F3C07B93} = {FD35BFB2-24C4-4002-8762-468585172292}
		{6D9BD31B-8D50-4479-AFA2-89AD32813254} = {E4443C92-C4F5-4FF6-94DD-166F0AB6DACF}
		{AB5AFADD-7B2B-49C9-9451-1EC4465AE03B} = {E4443C92-C4F5-4FF6-94DD-166F0AB6DACF}
		{5C18FDFD-D055-43F1-A406-7B2BAF0402BE} = {B4AC3707-063E-44F8-B21D-84CE75E13EA0}
		{A1255F2E-738A-4784-A0B9-D0645A28651C} = {B4AC3707-063E-44F8-B21D-84CE75E13EA0}
		{9B62BF87-303E-46D8-917A-2386B9BA1536} = {545EA45E-8E61-476F-9609-20014667B636}
		{0EE1A669-1082-4CE1-AA5F-4ACEC628BAA0} = {545EA45E-8E61-476F-9609-20014667B636}
	EndGlobalSection
	GlobalSection(ExtensibilityGlobals) = postSolution
		SolutionGuid = {3BFBDDCC-A89F-4CF5-B20D-0AE8B066C506}
	EndGlobalSection
EndGlobal
